<?xml version="1.0" encoding="UTF-8"?>
<Scheme
   LastUpgradeVersion = "0600"
   version = "1.3">
   <BuildAction
      parallelizeBuildables = "YES"
      buildImplicitDependencies = "YES">
      <BuildActionEntries>
         <BuildActionEntry
            buildForTesting = "YES"
            buildForRunning = "YES"
            buildForProfiling = "YES"
            buildForArchiving = "YES"
            buildForAnalyzing = "YES">
            <BuildableReference
               BuildableIdentifier = "primary"
               BlueprintIdentifier = "1DF83044196C4EBE00F2AADC"
               BuildableName = "fluidParticleCoarsening"
               BlueprintName = "fluidParticleCoarsening"
               ReferencedContainer = "container:fluidParticleCoarsening.xcodeproj">
            </BuildableReference>
         </BuildActionEntry>
      </BuildActionEntries>
   </BuildAction>
   <TestAction
      selectedDebuggerIdentifier = "Xcode.DebuggerFoundation.Debugger.LLDB"
      selectedLauncherIdentifier = "Xcode.DebuggerFoundation.Launcher.LLDB"
      shouldUseLaunchSchemeArgsEnv = "YES"
      buildConfiguration = "Debug">
      <Testables>
      </Testables>
   </TestAction>
   <LaunchAction
      selectedDebuggerIdentifier = "Xcode.DebuggerFoundation.Debugger.LLDB"
      selectedLauncherIdentifier = "Xcode.DebuggerFoundation.Launcher.LLDB"
      launchStyle = "0"
      useCustomWorkingDirectory = "NO"
      buildConfiguration = "Debug"
      ignoresPersistentStateOnLaunch = "NO"
      debugDocumentVersioning = "YES"
      allowLocationSimulation = "YES">
      <PathRunnable
         FilePath = "/Volumes/OpenFOAM_v2.2.2/aliozel-2.2.2/platforms/darwinIntel64Gcc46DPOpt/bin/fluidParticleCoarsening">
      </PathRunnable>
      <CommandLineArguments>
         <CommandLineArgument
            argument = "-time 0.05"
            isEnabled = "YES">
         </CommandLineArgument>
         <CommandLineArgument
            argument = "-case /Users/aliozel/OpenFOAM/aliozel-PRINCETON/run/testcase_filteringEulerianField/5cm5cm5cm_Npar954/CFD"
            isEnabled = "YES">
         </CommandLineArgument>
         <CommandLineArgument
            argument = "-time 0.5"
            isEnabled = "NO">
         </CommandLineArgument>
         <CommandLineArgument
            argument = "-case /Users/aliozel/OpenFOAM/aliozel-PRINCETON/run/testcase_filteringEulerianField/alpp_0.02/CFD"
            isEnabled = "NO">
         </CommandLineArgument>
      </CommandLineArguments>
      <EnvironmentVariables>
         <EnvironmentVariable
            key = "WM_PROJECT_DIR"
            value = "/Users/aliozel/OpenFOAM/OpenFOAM-2.2.2"
            isEnabled = "YES">
         </EnvironmentVariable>
      </EnvironmentVariables>
      <AdditionalOptions>
      </AdditionalOptions>
   </LaunchAction>
   <ProfileAction
      shouldUseLaunchSchemeArgsEnv = "YES"
      savedToolIdentifier = ""
      useCustomWorkingDirectory = "NO"
      buildConfiguration = "Release"
      debugDocumentVersioning = "YES">
   </ProfileAction>
   <AnalyzeAction
      buildConfiguration = "Debug">
   </AnalyzeAction>
   <ArchiveAction
      buildConfiguration = "Release"
      revealArchiveInOrganizer = "YES">
   </ArchiveAction>
</Scheme>
